
Microsoft Visual Studio Solution File, Format Version 12.00
# Visual Studio Version 17
VisualStudioVersion = 17.14.36212.18 d17.14
MinimumVisualStudioVersion = 10.0.40219.1
Project("{FAE04EC0-301F-11D3-BF4B-00C04F79EFBC}") = "MyWpfCalculator", "MyWpfCalculator\MyWpfCalculator.csproj", "{A1538AC8-F415-424A-9B50-AFD5BBC2428C}"
EndProject
Global
	GlobalSection(SolutionConfigurationPlatforms) = preSolution
		Debug|Any CPU = Debug|Any CPU
		Debug|x64 = Debug|x64
		Release|Any CPU = Release|Any CPU
		Release|x64 = Release|x64
	EndGlobalSection
	GlobalSection(ProjectConfigurationPlatforms) = postSolution
		{A1538AC8-F415-424A-9B50-AFD5BBC2428C}.Debug|Any CPU.ActiveCfg = Debug|Any CPU
		{A1538AC8-F415-424A-9B50-AFD5BBC2428C}.Debug|Any CPU.Build.0 = Debug|Any CPU
		{A1538AC8-F415-424A-9B50-AFD5BBC2428C}.Debug|x64.ActiveCfg = Debug|x64
		{A1538AC8-F415-424A-9B50-AFD5BBC2428C}.Debug|x64.Build.0 = Debug|x64
		{A1538AC8-F415-424A-9B50-AFD5BBC2428C}.Release|Any CPU.ActiveCfg = Release|Any CPU
		{A1538AC8-F415-424A-9B50-AFD5BBC2428C}.Release|Any CPU.Build.0 = Release|Any CPU
		{A1538AC8-F415-424A-9B50-AFD5BBC2428C}.Release|x64.ActiveCfg = Release|x64
		{A1538AC8-F415-424A-9B50-AFD5BBC2428C}.Release|x64.Build.0 = Release|x64
	EndGlobalSection
	GlobalSection(SolutionProperties) = preSolution
		HideSolutionNode = FALSE
	EndGlobalSection
	GlobalSection(ExtensibilityGlobals) = postSolution
		SolutionGuid = {4F76F54D-227F-415A-9422-2D978519F621}
	EndGlobalSection
EndGlobal
